
Microsoft Visual Studio Solution File, Format Version 12.00
# Visual Studio 14
VisualStudioVersion = 14.0.25420.1
MinimumVisualStudioVersion = 10.0.40219.1
Project("{2150E333-8FDC-42A3-9474-1A3956D46DE8}") = "General", "General", "{F0224A54-1357-4107-B5F5-CCD1EC9AA736}"
EndProject
Project("{2150E333-8FDC-42A3-9474-1A3956D46DE8}") = "TypeExamples", "TypeExamples", "{7A699403-99A9-4D75-8D8E-51B58F7B1526}"
EndProject
Project("{FAE04EC0-301F-11D3-BF4B-00C04F79EFBC}") = "BoxingUnboxing", "BoxingUnboxing\BoxingUnboxing.csproj", "{7C44FF86-F81A-4F4B-97C9-D00DF477B504}"
EndProject
Project("{FAE04EC0-301F-11D3-BF4B-00C04F79EFBC}") = "EqualsExample", "EqualsExample\EqualsExample.csproj", "{08F042A6-F913-4787-A9CC-65335F71E598}"
EndProject
Project("{FAE04EC0-301F-11D3-BF4B-00C04F79EFBC}") = "ValueAndReferenceType", "ValueAndReferenceType\ValueAndReferenceType.csproj", "{1BCF2EDB-3D8B-4CDD-85CE-811BAACB76D8}"
EndProject
Project("{888888A0-9F3D-457C-B088-3A5042F75D52}") = "DynamicType", "DynamicType\DynamicType.pyproj", "{76E66842-D72F-4F09-A5C8-439623B01EC4}"
EndProject
Project("{FAE04EC0-301F-11D3-BF4B-00C04F79EFBC}") = "EnumExample", "EnumExample\EnumExample.csproj", "{5F0C71BE-769A-4321-A8F1-B4C7BE7AEA44}"
EndProject
Project("{2150E333-8FDC-42A3-9474-1A3956D46DE8}") = "Inheritance", "Inheritance", "{9E19E683-D482-43A3-B1BC-829D0FEC74A3}"
EndProject
Project("{FAE04EC0-301F-11D3-BF4B-00C04F79EFBC}") = "ImplicitAndExplicitInterfcaeImplementation", "ImplicitAndExplicitInterfcaeImplementation\ImplicitAndExplicitInterfcaeImplementation.csproj", "{8E82522A-D7BF-4DA8-8557-B2282331AFEB}"
EndProject
Project("{FAE04EC0-301F-11D3-BF4B-00C04F79EFBC}") = "MultipleInterfaceWithSameMethod", "MultipleInterfaceWithSameMethod\MultipleInterfaceWithSameMethod.csproj", "{11677EF7-480D-44DB-90E0-4FAB57A36FD4}"
EndProject
Global
	GlobalSection(SolutionConfigurationPlatforms) = preSolution
		Debug|Any CPU = Debug|Any CPU
		Release|Any CPU = Release|Any CPU
	EndGlobalSection
	GlobalSection(ProjectConfigurationPlatforms) = postSolution
		{7C44FF86-F81A-4F4B-97C9-D00DF477B504}.Debug|Any CPU.ActiveCfg = Debug|Any CPU
		{7C44FF86-F81A-4F4B-97C9-D00DF477B504}.Debug|Any CPU.Build.0 = Debug|Any CPU
		{7C44FF86-F81A-4F4B-97C9-D00DF477B504}.Release|Any CPU.ActiveCfg = Release|Any CPU
		{7C44FF86-F81A-4F4B-97C9-D00DF477B504}.Release|Any CPU.Build.0 = Release|Any CPU
		{08F042A6-F913-4787-A9CC-65335F71E598}.Debug|Any CPU.ActiveCfg = Debug|Any CPU
		{08F042A6-F913-4787-A9CC-65335F71E598}.Debug|Any CPU.Build.0 = Debug|Any CPU
		{08F042A6-F913-4787-A9CC-65335F71E598}.Release|Any CPU.ActiveCfg = Release|Any CPU
		{08F042A6-F913-4787-A9CC-65335F71E598}.Release|Any CPU.Build.0 = Release|Any CPU
		{1BCF2EDB-3D8B-4CDD-85CE-811BAACB76D8}.Debug|Any CPU.ActiveCfg = Debug|Any CPU
		{1BCF2EDB-3D8B-4CDD-85CE-811BAACB76D8}.Debug|Any CPU.Build.0 = Debug|Any CPU
		{1BCF2EDB-3D8B-4CDD-85CE-811BAACB76D8}.Release|Any CPU.ActiveCfg = Release|Any CPU
		{1BCF2EDB-3D8B-4CDD-85CE-811BAACB76D8}.Release|Any CPU.Build.0 = Release|Any CPU
		{76E66842-D72F-4F09-A5C8-439623B01EC4}.Debug|Any CPU.ActiveCfg = Debug|Any CPU
		{76E66842-D72F-4F09-A5C8-439623B01EC4}.Release|Any CPU.ActiveCfg = Release|Any CPU
		{5F0C71BE-769A-4321-A8F1-B4C7BE7AEA44}.Debug|Any CPU.ActiveCfg = Debug|Any CPU
		{5F0C71BE-769A-4321-A8F1-B4C7BE7AEA44}.Debug|Any CPU.Build.0 = Debug|Any CPU
		{5F0C71BE-769A-4321-A8F1-B4C7BE7AEA44}.Release|Any CPU.ActiveCfg = Release|Any CPU
		{5F0C71BE-769A-4321-A8F1-B4C7BE7AEA44}.Release|Any CPU.Build.0 = Release|Any CPU
		{8E82522A-D7BF-4DA8-8557-B2282331AFEB}.Debug|Any CPU.ActiveCfg = Debug|Any CPU
		{8E82522A-D7BF-4DA8-8557-B2282331AFEB}.Debug|Any CPU.Build.0 = Debug|Any CPU
		{8E82522A-D7BF-4DA8-8557-B2282331AFEB}.Release|Any CPU.ActiveCfg = Release|Any CPU
		{8E82522A-D7BF-4DA8-8557-B2282331AFEB}.Release|Any CPU.Build.0 = Release|Any CPU
		{11677EF7-480D-44DB-90E0-4FAB57A36FD4}.Debug|Any CPU.ActiveCfg = Debug|Any CPU
		{11677EF7-480D-44DB-90E0-4FAB57A36FD4}.Debug|Any CPU.Build.0 = Debug|Any CPU
		{11677EF7-480D-44DB-90E0-4FAB57A36FD4}.Release|Any CPU.ActiveCfg = Release|Any CPU
		{11677EF7-480D-44DB-90E0-4FAB57A36FD4}.Release|Any CPU.Build.0 = Release|Any CPU
	EndGlobalSection
	GlobalSection(SolutionProperties) = preSolution
		HideSolutionNode = FALSE
	EndGlobalSection
	GlobalSection(NestedProjects) = preSolution
		{7C44FF86-F81A-4F4B-97C9-D00DF477B504} = {7A699403-99A9-4D75-8D8E-51B58F7B1526}
		{08F042A6-F913-4787-A9CC-65335F71E598} = {7A699403-99A9-4D75-8D8E-51B58F7B1526}
		{1BCF2EDB-3D8B-4CDD-85CE-811BAACB76D8} = {7A699403-99A9-4D75-8D8E-51B58F7B1526}
		{76E66842-D72F-4F09-A5C8-439623B01EC4} = {7A699403-99A9-4D75-8D8E-51B58F7B1526}
		{5F0C71BE-769A-4321-A8F1-B4C7BE7AEA44} = {7A699403-99A9-4D75-8D8E-51B58F7B1526}
		{8E82522A-D7BF-4DA8-8557-B2282331AFEB} = {9E19E683-D482-43A3-B1BC-829D0FEC74A3}
		{11677EF7-480D-44DB-90E0-4FAB57A36FD4} = {9E19E683-D482-43A3-B1BC-829D0FEC74A3}
	EndGlobalSection
EndGlobal
