
Microsoft Visual Studio Solution File, Format Version 12.00
# Visual Studio 14
VisualStudioVersion = 14.0.25420.1
MinimumVisualStudioVersion = 10.0.40219.1
Project("{2150E333-8FDC-42A3-9474-1A3956D46DE8}") = "General", "General", "{F0224A54-1357-4107-B5F5-CCD1EC9AA736}"
EndProject
Project("{2150E333-8FDC-42A3-9474-1A3956D46DE8}") = "TypeExamples", "TypeExamples", "{7A699403-99A9-4D75-8D8E-51B58F7B1526}"
EndProject
Project("{FAE04EC0-301F-11D3-BF4B-00C04F79EFBC}") = "BoxingUnboxing", "BoxingUnboxing\BoxingUnboxing.csproj", "{7C44FF86-F81A-4F4B-97C9-D00DF477B504}"
EndProject
Project("{FAE04EC0-301F-11D3-BF4B-00C04F79EFBC}") = "EqualsExample", "EqualsExample\EqualsExample.csproj", "{08F042A6-F913-4787-A9CC-65335F71E598}"
EndProject
Project("{FAE04EC0-301F-11D3-BF4B-00C04F79EFBC}") = "ValueAndReferenceType", "ValueAndReferenceType\ValueAndReferenceType.csproj", "{1BCF2EDB-3D8B-4CDD-85CE-811BAACB76D8}"
EndProject
Project("{888888A0-9F3D-457C-B088-3A5042F75D52}") = "DynamicType", "DynamicType\DynamicType.pyproj", "{76E66842-D72F-4F09-A5C8-439623B01EC4}"
EndProject
Project("{FAE04EC0-301F-11D3-BF4B-00C04F79EFBC}") = "EnumExample", "EnumExample\EnumExample.csproj", "{5F0C71BE-769A-4321-A8F1-B4C7BE7AEA44}"
EndProject
Project("{2150E333-8FDC-42A3-9474-1A3956D46DE8}") = "Inheritance", "Inheritance", "{9E19E683-D482-43A3-B1BC-829D0FEC74A3}"
EndProject
Project("{FAE04EC0-301F-11D3-BF4B-00C04F79EFBC}") = "ImplicitAndExplicitInterfcaeImplementation", "ImplicitAndExplicitInterfcaeImplementation\ImplicitAndExplicitInterfcaeImplementation.csproj", "{8E82522A-D7BF-4DA8-8557-B2282331AFEB}"
EndProject
Project("{FAE04EC0-301F-11D3-BF4B-00C04F79EFBC}") = "MultipleInterfaceWithSameMethod", "MultipleInterfaceWithSameMethod\MultipleInterfaceWithSameMethod.csproj", "{11677EF7-480D-44DB-90E0-4FAB57A36FD4}"
EndProject
Project("{FAE04EC0-301F-11D3-BF4B-00C04F79EFBC}") = "NestedTypeExample", "NestedTypeExample\NestedTypeExample.csproj", "{9F81EE84-5CF3-4AC8-95CD-DDC22B991131}"
EndProject
Project("{FAE04EC0-301F-11D3-BF4B-00C04F79EFBC}") = "StrongNameAssembly", "StrongNameAssembly\StrongNameAssembly.csproj", "{3B0D271B-52C0-4A65-A9CE-D43DBF37EDF9}"
EndProject
Project("{FAE04EC0-301F-11D3-BF4B-00C04F79EFBC}") = "NonStrongNameAssembly", "NonStrongNameAssembly\NonStrongNameAssembly.csproj", "{17E5EBA7-7F21-4169-A4C3-812A2B798EDA}"
EndProject
Project("{FAE04EC0-301F-11D3-BF4B-00C04F79EFBC}") = "CLSExample", "CLSExample\CLSExample.csproj", "{95CE7CCA-E1DA-43AE-96D4-B4B6402DF137}"
EndProject
Project("{FAE04EC0-301F-11D3-BF4B-00C04F79EFBC}") = "DelaySignedAssembly", "DelaySignedAssembly\DelaySignedAssembly.csproj", "{AF5A1897-2CA4-4A70-8A81-CE98EAED6F2D}"
EndProject
Project("{F184B08F-C81C-45F6-A57F-5ABD9991F28F}") = "VBConsoleApplication", "VBConsoleApplication\VBConsoleApplication.vbproj", "{3C95269B-8875-4CC2-A80E-517BC40F9736}"
EndProject
Project("{FAE04EC0-301F-11D3-BF4B-00C04F79EFBC}") = "CodeAccessSecurityC", "CodeAccessSecurityC\CodeAccessSecurityC.csproj", "{29D0C8D1-3907-4A14-83EC-67D464919357}"
EndProject
Project("{FAE04EC0-301F-11D3-BF4B-00C04F79EFBC}") = "StructExample", "StructExample\StructExample.csproj", "{476F68E3-116A-4640-9508-10D3FA48D93E}"
EndProject
Project("{FAE04EC0-301F-11D3-BF4B-00C04F79EFBC}") = "StaticExamples", "StaticExamples\StaticExamples.csproj", "{C0BF3352-AAF5-41D6-A442-33D531BC7E77}"
EndProject
Project("{FAE04EC0-301F-11D3-BF4B-00C04F79EFBC}") = "StaticConstructorException", "StaticConstructorException\StaticConstructorException.csproj", "{90789A21-C033-442F-8A84-50CC098FA483}"
EndProject
Project("{FAE04EC0-301F-11D3-BF4B-00C04F79EFBC}") = "MemberwiseCloneExample", "MemberwiseCloneExample\MemberwiseCloneExample.csproj", "{7BC120E4-0CFE-4C66-BA2B-FF5A548082A0}"
EndProject
Project("{FAE04EC0-301F-11D3-BF4B-00C04F79EFBC}") = "ConsoleApplication1", "ConsoleApplication1\ConsoleApplication1.csproj", "{8CC91D2E-CF2C-4E49-AAB4-ADB4208C87D4}"
EndProject
Project("{FAE04EC0-301F-11D3-BF4B-00C04F79EFBC}") = "SingletonUsngStatic", "SingletonUsngStatic\SingletonUsngStatic.csproj", "{BF6EF637-8E96-49EC-A8A5-0380FD4672B3}"
EndProject
Project("{FAE04EC0-301F-11D3-BF4B-00C04F79EFBC}") = "WindowsFormsApplication1", "WindowsFormsApplication1\WindowsFormsApplication1.csproj", "{FD88F401-CD89-4181-B185-22DEC4904062}"
EndProject
Project("{FAE04EC0-301F-11D3-BF4B-00C04F79EFBC}") = "StringExample", "StringExample\StringExample.csproj", "{83C98793-9022-45F3-9CC2-D902DA3CA3BE}"
EndProject
Project("{FAE04EC0-301F-11D3-BF4B-00C04F79EFBC}") = "StringBuilderExample", "StringBuilderExample\StringBuilderExample.csproj", "{B5F02D63-2DEF-40DF-9C57-88415A0B9527}"
EndProject
Project("{2150E333-8FDC-42A3-9474-1A3956D46DE8}") = "HackingExamples", "HackingExamples", "{BE317669-E8BA-4D6C-A31C-70D9992B91C8}"
EndProject
Project("{FAE04EC0-301F-11D3-BF4B-00C04F79EFBC}") = "AdvanceCalculator", "AdvanceCalculator\AdvanceCalculator.csproj", "{AF377382-CFC6-4DF6-84FC-1BD3929DB3D7}"
EndProject
Project("{2150E333-8FDC-42A3-9474-1A3956D46DE8}") = "StringBuilderExample", "StringBuilderExample", "{12C2F972-9E1B-4D2B-A372-3735A81A26C0}"
EndProject
Project("{FAE04EC0-301F-11D3-BF4B-00C04F79EFBC}") = "StringBuilderCapacityExample", "StringBuilderCapacityExample\StringBuilderCapacityExample.csproj", "{1EE53C81-7F5E-47CE-BFCF-88D9C4AFF274}"
EndProject
Project("{FAE04EC0-301F-11D3-BF4B-00C04F79EFBC}") = "StringBuilderExampleOne", "StringBuilderExampleOne\StringBuilderExampleOne.csproj", "{F76EE1B7-593A-4D39-BB7B-9A539814DEA1}"
EndProject
Project("{FAE04EC0-301F-11D3-BF4B-00C04F79EFBC}") = "BaseClassHiding", "BaseClassHiding\BaseClassHiding.csproj", "{E3C936E7-6336-4200-8985-1AFB60D11C1C}"
EndProject
Project("{FAE04EC0-301F-11D3-BF4B-00C04F79EFBC}") = "PolymorphismExample", "PolymorphismExample\PolymorphismExample.csproj", "{C708538C-B967-4655-94E2-E63655E9D65F}"
EndProject
Project("{FAE04EC0-301F-11D3-BF4B-00C04F79EFBC}") = "ListExample", "ListExample\ListExample.csproj", "{0DD4C784-5479-4459-94F3-71CA00ED3412}"
EndProject
Project("{2150E333-8FDC-42A3-9474-1A3956D46DE8}") = "CollectionExamples", "CollectionExamples", "{E773D624-4EDC-4308-A35C-B428C98BE160}"
EndProject
Project("{FAE04EC0-301F-11D3-BF4B-00C04F79EFBC}") = "WpfApplication1", "WpfApplication1\WpfApplication1.csproj", "{C6C79A53-E294-4543-A67F-803B20DA178A}"
EndProject
Project("{FAE04EC0-301F-11D3-BF4B-00C04F79EFBC}") = "ListVsHashSetPerformanceComp", "ListVsHashSetPerformanceComp\ListVsHashSetPerformanceComp.csproj", "{3A2B5327-C4C3-46E8-91B3-C218BA780F24}"
EndProject
Project("{FAE04EC0-301F-11D3-BF4B-00C04F79EFBC}") = "LinkListExample", "LinkListExample\LinkListExample.csproj", "{123C4BEC-5EA2-491E-98C9-5FEA1736ABE0}"
EndProject
Project("{2150E333-8FDC-42A3-9474-1A3956D46DE8}") = "Advance", "Advance", "{19C1F144-2058-4D8F-9941-ADBFB6DC4123}"
EndProject
Project("{FAE04EC0-301F-11D3-BF4B-00C04F79EFBC}") = "AnonymousMethodExample", "AnonymousMethodExample\AnonymousMethodExample.csproj", "{7E589CC1-FC57-415D-834D-1E732BA0D931}"
EndProject
Project("{FAE04EC0-301F-11D3-BF4B-00C04F79EFBC}") = "MuApplication", "MuApplication\MuApplication.csproj", "{2A91C1CE-3A8B-4441-8B07-CDC66ED2F282}"
EndProject
Project("{FAE04EC0-301F-11D3-BF4B-00C04F79EFBC}") = "ExtensionMethodExample", "ExtensionMethodExample\ExtensionMethodExample.csproj", "{9C95CEC4-AF56-4410-A3F0-323EB4DDE87B}"
EndProject
Project("{FAE04EC0-301F-11D3-BF4B-00C04F79EFBC}") = "DynamicBindingExample", "DynamicBindingExample\DynamicBindingExample.csproj", "{29BF6A1D-9311-4E0F-9BBC-876EA949807E}"
EndProject
Project("{FAE04EC0-301F-11D3-BF4B-00C04F79EFBC}") = "IDMOPExample", "IDMOPExample\IDMOPExample.csproj", "{61079E0F-E298-4B47-9582-78EA41539298}"
EndProject
Project("{2150E333-8FDC-42A3-9474-1A3956D46DE8}") = "LinqExamples", "LinqExamples", "{9D792D46-FC07-41CB-8AE7-0E5B0055A05D}"
EndProject
Project("{FAE04EC0-301F-11D3-BF4B-00C04F79EFBC}") = "LinqToObject", "LinqToObject\LinqToObject.csproj", "{BC35DE34-042E-4B59-BB59-03DABAC94D30}"
EndProject
Project("{FAE04EC0-301F-11D3-BF4B-00C04F79EFBC}") = "LinqToSql", "LinqToSql\LinqToSql.csproj", "{3B9A98E4-89BC-4E68-A9F0-EF9FC9E79698}"
EndProject
Project("{FAE04EC0-301F-11D3-BF4B-00C04F79EFBC}") = "LinqToXml", "LinqToXml\LinqToXml.csproj", "{806F0FF1-FE77-416B-BE97-9687A9D0712E}"
EndProject
Project("{FAE04EC0-301F-11D3-BF4B-00C04F79EFBC}") = "LinqExamples", "LinqExamples\LinqExamples.csproj", "{9D6653B6-CE3C-4451-931D-D6FDAAFBA650}"
EndProject
Project("{FAE04EC0-301F-11D3-BF4B-00C04F79EFBC}") = "ProjectionExample", "ProjectionExample\ProjectionExample.csproj", "{9123B6F6-D6A8-4CD7-9892-E9B044E8C077}"
EndProject
Project("{FAE04EC0-301F-11D3-BF4B-00C04F79EFBC}") = "JoinExample", "JoinExample\JoinExample.csproj", "{0E76F6FD-4752-46F6-990C-29614C79DBF4}"
EndProject
Project("{FAE04EC0-301F-11D3-BF4B-00C04F79EFBC}") = "VarExample", "VarExample\VarExample.csproj", "{E1C0921B-84ED-4FA0-BBAF-891C07598CCF}"
EndProject
Project("{FAE04EC0-301F-11D3-BF4B-00C04F79EFBC}") = "CapturingMultipleMethodReturnDelegateExample", "DelegateExample\CapturingMultipleMethodReturnDelegateExample.csproj", "{4DC7EAF3-3038-49FF-A79A-CB8B90E1DAE4}"
EndProject
Project("{FAE04EC0-301F-11D3-BF4B-00C04F79EFBC}") = "DelegateExampleOne", "DelegateExampleOne\DelegateExampleOne.csproj", "{2475840D-BE8E-46BF-9420-F95B54A63216}"
EndProject
Project("{FAE04EC0-301F-11D3-BF4B-00C04F79EFBC}") = "GenericDelegate", "GenericDelegate\GenericDelegate.csproj", "{43A0ADDA-7A8A-4FC8-AEF5-90318E795F83}"
EndProject
Project("{FAE04EC0-301F-11D3-BF4B-00C04F79EFBC}") = "EventExample", "EventExample\EventExample.csproj", "{A49C1CB8-1FA9-4CD8-BEAA-225829E92973}"
EndProject
Project("{FAE04EC0-301F-11D3-BF4B-00C04F79EFBC}") = "DelegateNumberExample", "DelegateNumberExample\DelegateNumberExample.csproj", "{A14B452B-D465-4175-A4AE-5BF2938163FF}"
EndProject
Project("{FAE04EC0-301F-11D3-BF4B-00C04F79EFBC}") = "IEqualityComparer Example", "IEqualityComparer Example\IEqualityComparer Example.csproj", "{038EC458-4F4E-4784-A0CE-BAE4DCA01A66}"
EndProject
Project("{FAE04EC0-301F-11D3-BF4B-00C04F79EFBC}") = "CollectionUtilExample", "CollectionUtilExample\CollectionUtilExample.csproj", "{B639FA33-710B-41DD-95BF-FDF9D160A3A5}"
EndProject
Project("{FAE04EC0-301F-11D3-BF4B-00C04F79EFBC}") = "DelegateSyntax", "DelegateSyntax\DelegateSyntax.csproj", "{C3E8855E-D142-44A8-80FD-59F3DD61A668}"
EndProject
Project("{FAE04EC0-301F-11D3-BF4B-00C04F79EFBC}") = "ConsoleApplication2", "ConsoleApplication2\ConsoleApplication2.csproj", "{CD5D5559-266C-43EE-93E6-FAE40319C827}"
EndProject
Project("{FAE04EC0-301F-11D3-BF4B-00C04F79EFBC}") = "ConsoleApplication3", "ConsoleApplication3\ConsoleApplication3.csproj", "{8E316D43-73B0-4882-8E04-C116AC13D26C}"
EndProject
Project("{FAE04EC0-301F-11D3-BF4B-00C04F79EFBC}") = "AbstractClassExample", "AbstractClassExample\AbstractClassExample.csproj", "{E74F9973-9F10-494F-ADD5-31819A0758B1}"
EndProject
Project("{FAE04EC0-301F-11D3-BF4B-00C04F79EFBC}") = "ArrayPerformance", "ArrayPerformance\ArrayPerformance.csproj", "{B885A810-E752-4FFD-8240-CC23C3B2B248}"
EndProject
Project("{FAE04EC0-301F-11D3-BF4B-00C04F79EFBC}") = "IEnumerableExample", "IEnumerableExample\IEnumerableExample.csproj", "{FA7AF860-83F4-4B24-B4E2-526753BD4940}"
EndProject
Project("{FAE04EC0-301F-11D3-BF4B-00C04F79EFBC}") = "BasicLinqExample", "BasicLinqExample\BasicLinqExample.csproj", "{2A91DBDD-8CF8-4360-9A83-3A3614D1E80D}"
EndProject
Project("{FAE04EC0-301F-11D3-BF4B-00C04F79EFBC}") = "LinqWhereExample", "LinqWhereExample\LinqWhereExample.csproj", "{C2E1E244-66A9-4458-AEA6-E10728E9BD2E}"
EndProject
Project("{FAE04EC0-301F-11D3-BF4B-00C04F79EFBC}") = "LinqMultipleOrderBy", "LinqMultipleOrderBy\LinqMultipleOrderBy.csproj", "{579BE2A3-4E61-4DF8-A751-2A4BAA90115C}"
EndProject
Project("{FAE04EC0-301F-11D3-BF4B-00C04F79EFBC}") = "NestedForExample", "NestedForExample\NestedForExample.csproj", "{57DCAC4F-E988-4E32-A3FE-6E9034D2EDFF}"
EndProject
Project("{FAE04EC0-301F-11D3-BF4B-00C04F79EFBC}") = "LinqGroupByExample", "LinqGroupByExample\LinqGroupByExample.csproj", "{A0BF89E2-4459-4503-87D4-28D42CE660D8}"
EndProject
Project("{FAE04EC0-301F-11D3-BF4B-00C04F79EFBC}") = "LinqIntoExample", "LinqIntoExample\LinqIntoExample.csproj", "{E4442305-EC99-4552-98A7-12B3BE171EE6}"
EndProject
Project("{FAE04EC0-301F-11D3-BF4B-00C04F79EFBC}") = "LinqLetExample", "LinqLetExample\LinqLetExample.csproj", "{82C92750-F974-42F5-9095-192D73B4A98F}"
EndProject
Project("{FAE04EC0-301F-11D3-BF4B-00C04F79EFBC}") = "LinqJoinExample", "LinqJoinExample\LinqJoinExample.csproj", "{06A1B508-22EC-4D56-92EA-69373E5D98EA}"
EndProject
Project("{2150E333-8FDC-42A3-9474-1A3956D46DE8}") = "Array", "Array", "{8100007A-E342-4DE0-B5F2-129E83E3EEC4}"
EndProject
Project("{FAE04EC0-301F-11D3-BF4B-00C04F79EFBC}") = "ArrayPerformanceComp", "ArrayPerformanceComp\ArrayPerformanceComp.csproj", "{9479F878-8DD6-47DB-8198-24AE0E73798B}"
EndProject
Project("{FAE04EC0-301F-11D3-BF4B-00C04F79EFBC}") = "SimpleListExample", "SimpleListExample\SimpleListExample.csproj", "{FC2A7D17-EE64-408B-927D-B934FE12E651}"
EndProject
Project("{FAE04EC0-301F-11D3-BF4B-00C04F79EFBC}") = "DictionaryExample.cs", "DictionaryExample.cs\DictionaryExample.cs.csproj", "{A5094A22-19EA-43B8-AF10-C402553DA5C7}"
EndProject
Project("{FAE04EC0-301F-11D3-BF4B-00C04F79EFBC}") = "HashSetExample", "HashSetExample\HashSetExample.csproj", "{4BA2367B-E674-452A-B1BE-5C837D6FF56E}"
EndProject
Project("{FAE04EC0-301F-11D3-BF4B-00C04F79EFBC}") = "StackExample.cs", "StackExample.cs\StackExample.cs.csproj", "{B6F1A4CA-73D6-457D-B687-FA4823DD6E79}"
EndProject
Project("{FAE04EC0-301F-11D3-BF4B-00C04F79EFBC}") = "QueueExample", "QueueExample\QueueExample.csproj", "{8BD10075-9CD1-4406-9447-4B8C3B4DB7AC}"
EndProject
Global
	GlobalSection(SolutionConfigurationPlatforms) = preSolution
		Debug|Any CPU = Debug|Any CPU
		Release|Any CPU = Release|Any CPU
	EndGlobalSection
	GlobalSection(ProjectConfigurationPlatforms) = postSolution
		{7C44FF86-F81A-4F4B-97C9-D00DF477B504}.Debug|Any CPU.ActiveCfg = Debug|Any CPU
		{7C44FF86-F81A-4F4B-97C9-D00DF477B504}.Debug|Any CPU.Build.0 = Debug|Any CPU
		{7C44FF86-F81A-4F4B-97C9-D00DF477B504}.Release|Any CPU.ActiveCfg = Release|Any CPU
		{7C44FF86-F81A-4F4B-97C9-D00DF477B504}.Release|Any CPU.Build.0 = Release|Any CPU
		{08F042A6-F913-4787-A9CC-65335F71E598}.Debug|Any CPU.ActiveCfg = Debug|Any CPU
		{08F042A6-F913-4787-A9CC-65335F71E598}.Debug|Any CPU.Build.0 = Debug|Any CPU
		{08F042A6-F913-4787-A9CC-65335F71E598}.Release|Any CPU.ActiveCfg = Release|Any CPU
		{08F042A6-F913-4787-A9CC-65335F71E598}.Release|Any CPU.Build.0 = Release|Any CPU
		{1BCF2EDB-3D8B-4CDD-85CE-811BAACB76D8}.Debug|Any CPU.ActiveCfg = Debug|Any CPU
		{1BCF2EDB-3D8B-4CDD-85CE-811BAACB76D8}.Debug|Any CPU.Build.0 = Debug|Any CPU
		{1BCF2EDB-3D8B-4CDD-85CE-811BAACB76D8}.Release|Any CPU.ActiveCfg = Release|Any CPU
		{1BCF2EDB-3D8B-4CDD-85CE-811BAACB76D8}.Release|Any CPU.Build.0 = Release|Any CPU
		{76E66842-D72F-4F09-A5C8-439623B01EC4}.Debug|Any CPU.ActiveCfg = Debug|Any CPU
		{76E66842-D72F-4F09-A5C8-439623B01EC4}.Release|Any CPU.ActiveCfg = Release|Any CPU
		{5F0C71BE-769A-4321-A8F1-B4C7BE7AEA44}.Debug|Any CPU.ActiveCfg = Debug|Any CPU
		{5F0C71BE-769A-4321-A8F1-B4C7BE7AEA44}.Debug|Any CPU.Build.0 = Debug|Any CPU
		{5F0C71BE-769A-4321-A8F1-B4C7BE7AEA44}.Release|Any CPU.ActiveCfg = Release|Any CPU
		{5F0C71BE-769A-4321-A8F1-B4C7BE7AEA44}.Release|Any CPU.Build.0 = Release|Any CPU
		{8E82522A-D7BF-4DA8-8557-B2282331AFEB}.Debug|Any CPU.ActiveCfg = Debug|Any CPU
		{8E82522A-D7BF-4DA8-8557-B2282331AFEB}.Debug|Any CPU.Build.0 = Debug|Any CPU
		{8E82522A-D7BF-4DA8-8557-B2282331AFEB}.Release|Any CPU.ActiveCfg = Release|Any CPU
		{8E82522A-D7BF-4DA8-8557-B2282331AFEB}.Release|Any CPU.Build.0 = Release|Any CPU
		{11677EF7-480D-44DB-90E0-4FAB57A36FD4}.Debug|Any CPU.ActiveCfg = Debug|Any CPU
		{11677EF7-480D-44DB-90E0-4FAB57A36FD4}.Debug|Any CPU.Build.0 = Debug|Any CPU
		{11677EF7-480D-44DB-90E0-4FAB57A36FD4}.Release|Any CPU.ActiveCfg = Release|Any CPU
		{11677EF7-480D-44DB-90E0-4FAB57A36FD4}.Release|Any CPU.Build.0 = Release|Any CPU
		{9F81EE84-5CF3-4AC8-95CD-DDC22B991131}.Debug|Any CPU.ActiveCfg = Debug|Any CPU
		{9F81EE84-5CF3-4AC8-95CD-DDC22B991131}.Debug|Any CPU.Build.0 = Debug|Any CPU
		{9F81EE84-5CF3-4AC8-95CD-DDC22B991131}.Release|Any CPU.ActiveCfg = Release|Any CPU
		{9F81EE84-5CF3-4AC8-95CD-DDC22B991131}.Release|Any CPU.Build.0 = Release|Any CPU
		{3B0D271B-52C0-4A65-A9CE-D43DBF37EDF9}.Debug|Any CPU.ActiveCfg = Debug|Any CPU
		{3B0D271B-52C0-4A65-A9CE-D43DBF37EDF9}.Debug|Any CPU.Build.0 = Debug|Any CPU
		{3B0D271B-52C0-4A65-A9CE-D43DBF37EDF9}.Release|Any CPU.ActiveCfg = Release|Any CPU
		{3B0D271B-52C0-4A65-A9CE-D43DBF37EDF9}.Release|Any CPU.Build.0 = Release|Any CPU
		{17E5EBA7-7F21-4169-A4C3-812A2B798EDA}.Debug|Any CPU.ActiveCfg = Debug|Any CPU
		{17E5EBA7-7F21-4169-A4C3-812A2B798EDA}.Debug|Any CPU.Build.0 = Debug|Any CPU
		{17E5EBA7-7F21-4169-A4C3-812A2B798EDA}.Release|Any CPU.ActiveCfg = Release|Any CPU
		{17E5EBA7-7F21-4169-A4C3-812A2B798EDA}.Release|Any CPU.Build.0 = Release|Any CPU
		{95CE7CCA-E1DA-43AE-96D4-B4B6402DF137}.Debug|Any CPU.ActiveCfg = Debug|Any CPU
		{95CE7CCA-E1DA-43AE-96D4-B4B6402DF137}.Debug|Any CPU.Build.0 = Debug|Any CPU
		{95CE7CCA-E1DA-43AE-96D4-B4B6402DF137}.Release|Any CPU.ActiveCfg = Release|Any CPU
		{95CE7CCA-E1DA-43AE-96D4-B4B6402DF137}.Release|Any CPU.Build.0 = Release|Any CPU
		{AF5A1897-2CA4-4A70-8A81-CE98EAED6F2D}.Debug|Any CPU.ActiveCfg = Debug|Any CPU
		{AF5A1897-2CA4-4A70-8A81-CE98EAED6F2D}.Debug|Any CPU.Build.0 = Debug|Any CPU
		{AF5A1897-2CA4-4A70-8A81-CE98EAED6F2D}.Release|Any CPU.ActiveCfg = Release|Any CPU
		{AF5A1897-2CA4-4A70-8A81-CE98EAED6F2D}.Release|Any CPU.Build.0 = Release|Any CPU
		{3C95269B-8875-4CC2-A80E-517BC40F9736}.Debug|Any CPU.ActiveCfg = Debug|Any CPU
		{3C95269B-8875-4CC2-A80E-517BC40F9736}.Debug|Any CPU.Build.0 = Debug|Any CPU
		{3C95269B-8875-4CC2-A80E-517BC40F9736}.Release|Any CPU.ActiveCfg = Release|Any CPU
		{3C95269B-8875-4CC2-A80E-517BC40F9736}.Release|Any CPU.Build.0 = Release|Any CPU
		{29D0C8D1-3907-4A14-83EC-67D464919357}.Debug|Any CPU.ActiveCfg = Debug|Any CPU
		{29D0C8D1-3907-4A14-83EC-67D464919357}.Debug|Any CPU.Build.0 = Debug|Any CPU
		{29D0C8D1-3907-4A14-83EC-67D464919357}.Release|Any CPU.ActiveCfg = Release|Any CPU
		{29D0C8D1-3907-4A14-83EC-67D464919357}.Release|Any CPU.Build.0 = Release|Any CPU
		{476F68E3-116A-4640-9508-10D3FA48D93E}.Debug|Any CPU.ActiveCfg = Debug|Any CPU
		{476F68E3-116A-4640-9508-10D3FA48D93E}.Debug|Any CPU.Build.0 = Debug|Any CPU
		{476F68E3-116A-4640-9508-10D3FA48D93E}.Release|Any CPU.ActiveCfg = Release|Any CPU
		{476F68E3-116A-4640-9508-10D3FA48D93E}.Release|Any CPU.Build.0 = Release|Any CPU
		{C0BF3352-AAF5-41D6-A442-33D531BC7E77}.Debug|Any CPU.ActiveCfg = Debug|Any CPU
		{C0BF3352-AAF5-41D6-A442-33D531BC7E77}.Debug|Any CPU.Build.0 = Debug|Any CPU
		{C0BF3352-AAF5-41D6-A442-33D531BC7E77}.Release|Any CPU.ActiveCfg = Release|Any CPU
		{C0BF3352-AAF5-41D6-A442-33D531BC7E77}.Release|Any CPU.Build.0 = Release|Any CPU
		{90789A21-C033-442F-8A84-50CC098FA483}.Debug|Any CPU.ActiveCfg = Debug|Any CPU
		{90789A21-C033-442F-8A84-50CC098FA483}.Debug|Any CPU.Build.0 = Debug|Any CPU
		{90789A21-C033-442F-8A84-50CC098FA483}.Release|Any CPU.ActiveCfg = Release|Any CPU
		{90789A21-C033-442F-8A84-50CC098FA483}.Release|Any CPU.Build.0 = Release|Any CPU
		{7BC120E4-0CFE-4C66-BA2B-FF5A548082A0}.Debug|Any CPU.ActiveCfg = Debug|Any CPU
		{7BC120E4-0CFE-4C66-BA2B-FF5A548082A0}.Debug|Any CPU.Build.0 = Debug|Any CPU
		{7BC120E4-0CFE-4C66-BA2B-FF5A548082A0}.Release|Any CPU.ActiveCfg = Release|Any CPU
		{7BC120E4-0CFE-4C66-BA2B-FF5A548082A0}.Release|Any CPU.Build.0 = Release|Any CPU
		{8CC91D2E-CF2C-4E49-AAB4-ADB4208C87D4}.Debug|Any CPU.ActiveCfg = Debug|Any CPU
		{8CC91D2E-CF2C-4E49-AAB4-ADB4208C87D4}.Debug|Any CPU.Build.0 = Debug|Any CPU
		{8CC91D2E-CF2C-4E49-AAB4-ADB4208C87D4}.Release|Any CPU.ActiveCfg = Release|Any CPU
		{8CC91D2E-CF2C-4E49-AAB4-ADB4208C87D4}.Release|Any CPU.Build.0 = Release|Any CPU
		{BF6EF637-8E96-49EC-A8A5-0380FD4672B3}.Debug|Any CPU.ActiveCfg = Debug|Any CPU
		{BF6EF637-8E96-49EC-A8A5-0380FD4672B3}.Debug|Any CPU.Build.0 = Debug|Any CPU
		{BF6EF637-8E96-49EC-A8A5-0380FD4672B3}.Release|Any CPU.ActiveCfg = Release|Any CPU
		{BF6EF637-8E96-49EC-A8A5-0380FD4672B3}.Release|Any CPU.Build.0 = Release|Any CPU
		{FD88F401-CD89-4181-B185-22DEC4904062}.Debug|Any CPU.ActiveCfg = Debug|Any CPU
		{FD88F401-CD89-4181-B185-22DEC4904062}.Debug|Any CPU.Build.0 = Debug|Any CPU
		{FD88F401-CD89-4181-B185-22DEC4904062}.Release|Any CPU.ActiveCfg = Release|Any CPU
		{FD88F401-CD89-4181-B185-22DEC4904062}.Release|Any CPU.Build.0 = Release|Any CPU
		{83C98793-9022-45F3-9CC2-D902DA3CA3BE}.Debug|Any CPU.ActiveCfg = Debug|Any CPU
		{83C98793-9022-45F3-9CC2-D902DA3CA3BE}.Debug|Any CPU.Build.0 = Debug|Any CPU
		{83C98793-9022-45F3-9CC2-D902DA3CA3BE}.Release|Any CPU.ActiveCfg = Release|Any CPU
		{83C98793-9022-45F3-9CC2-D902DA3CA3BE}.Release|Any CPU.Build.0 = Release|Any CPU
		{B5F02D63-2DEF-40DF-9C57-88415A0B9527}.Debug|Any CPU.ActiveCfg = Debug|Any CPU
		{B5F02D63-2DEF-40DF-9C57-88415A0B9527}.Debug|Any CPU.Build.0 = Debug|Any CPU
		{B5F02D63-2DEF-40DF-9C57-88415A0B9527}.Release|Any CPU.ActiveCfg = Release|Any CPU
		{B5F02D63-2DEF-40DF-9C57-88415A0B9527}.Release|Any CPU.Build.0 = Release|Any CPU
		{AF377382-CFC6-4DF6-84FC-1BD3929DB3D7}.Debug|Any CPU.ActiveCfg = Debug|Any CPU
		{AF377382-CFC6-4DF6-84FC-1BD3929DB3D7}.Debug|Any CPU.Build.0 = Debug|Any CPU
		{AF377382-CFC6-4DF6-84FC-1BD3929DB3D7}.Release|Any CPU.ActiveCfg = Release|Any CPU
		{AF377382-CFC6-4DF6-84FC-1BD3929DB3D7}.Release|Any CPU.Build.0 = Release|Any CPU
		{1EE53C81-7F5E-47CE-BFCF-88D9C4AFF274}.Debug|Any CPU.ActiveCfg = Debug|Any CPU
		{1EE53C81-7F5E-47CE-BFCF-88D9C4AFF274}.Debug|Any CPU.Build.0 = Debug|Any CPU
		{1EE53C81-7F5E-47CE-BFCF-88D9C4AFF274}.Release|Any CPU.ActiveCfg = Release|Any CPU
		{1EE53C81-7F5E-47CE-BFCF-88D9C4AFF274}.Release|Any CPU.Build.0 = Release|Any CPU
		{F76EE1B7-593A-4D39-BB7B-9A539814DEA1}.Debug|Any CPU.ActiveCfg = Debug|Any CPU
		{F76EE1B7-593A-4D39-BB7B-9A539814DEA1}.Debug|Any CPU.Build.0 = Debug|Any CPU
		{F76EE1B7-593A-4D39-BB7B-9A539814DEA1}.Release|Any CPU.ActiveCfg = Release|Any CPU
		{F76EE1B7-593A-4D39-BB7B-9A539814DEA1}.Release|Any CPU.Build.0 = Release|Any CPU
		{E3C936E7-6336-4200-8985-1AFB60D11C1C}.Debug|Any CPU.ActiveCfg = Debug|Any CPU
		{E3C936E7-6336-4200-8985-1AFB60D11C1C}.Debug|Any CPU.Build.0 = Debug|Any CPU
		{E3C936E7-6336-4200-8985-1AFB60D11C1C}.Release|Any CPU.ActiveCfg = Release|Any CPU
		{E3C936E7-6336-4200-8985-1AFB60D11C1C}.Release|Any CPU.Build.0 = Release|Any CPU
		{C708538C-B967-4655-94E2-E63655E9D65F}.Debug|Any CPU.ActiveCfg = Debug|Any CPU
		{C708538C-B967-4655-94E2-E63655E9D65F}.Debug|Any CPU.Build.0 = Debug|Any CPU
		{C708538C-B967-4655-94E2-E63655E9D65F}.Release|Any CPU.ActiveCfg = Release|Any CPU
		{C708538C-B967-4655-94E2-E63655E9D65F}.Release|Any CPU.Build.0 = Release|Any CPU
		{0DD4C784-5479-4459-94F3-71CA00ED3412}.Debug|Any CPU.ActiveCfg = Debug|Any CPU
		{0DD4C784-5479-4459-94F3-71CA00ED3412}.Debug|Any CPU.Build.0 = Debug|Any CPU
		{0DD4C784-5479-4459-94F3-71CA00ED3412}.Release|Any CPU.ActiveCfg = Release|Any CPU
		{0DD4C784-5479-4459-94F3-71CA00ED3412}.Release|Any CPU.Build.0 = Release|Any CPU
		{C6C79A53-E294-4543-A67F-803B20DA178A}.Debug|Any CPU.ActiveCfg = Debug|Any CPU
		{C6C79A53-E294-4543-A67F-803B20DA178A}.Debug|Any CPU.Build.0 = Debug|Any CPU
		{C6C79A53-E294-4543-A67F-803B20DA178A}.Release|Any CPU.ActiveCfg = Release|Any CPU
		{C6C79A53-E294-4543-A67F-803B20DA178A}.Release|Any CPU.Build.0 = Release|Any CPU
		{3A2B5327-C4C3-46E8-91B3-C218BA780F24}.Debug|Any CPU.ActiveCfg = Debug|Any CPU
		{3A2B5327-C4C3-46E8-91B3-C218BA780F24}.Debug|Any CPU.Build.0 = Debug|Any CPU
		{3A2B5327-C4C3-46E8-91B3-C218BA780F24}.Release|Any CPU.ActiveCfg = Release|Any CPU
		{3A2B5327-C4C3-46E8-91B3-C218BA780F24}.Release|Any CPU.Build.0 = Release|Any CPU
		{123C4BEC-5EA2-491E-98C9-5FEA1736ABE0}.Debug|Any CPU.ActiveCfg = Debug|Any CPU
		{123C4BEC-5EA2-491E-98C9-5FEA1736ABE0}.Debug|Any CPU.Build.0 = Debug|Any CPU
		{123C4BEC-5EA2-491E-98C9-5FEA1736ABE0}.Release|Any CPU.ActiveCfg = Release|Any CPU
		{123C4BEC-5EA2-491E-98C9-5FEA1736ABE0}.Release|Any CPU.Build.0 = Release|Any CPU
		{7E589CC1-FC57-415D-834D-1E732BA0D931}.Debug|Any CPU.ActiveCfg = Debug|Any CPU
		{7E589CC1-FC57-415D-834D-1E732BA0D931}.Debug|Any CPU.Build.0 = Debug|Any CPU
		{7E589CC1-FC57-415D-834D-1E732BA0D931}.Release|Any CPU.ActiveCfg = Release|Any CPU
		{7E589CC1-FC57-415D-834D-1E732BA0D931}.Release|Any CPU.Build.0 = Release|Any CPU
		{2A91C1CE-3A8B-4441-8B07-CDC66ED2F282}.Debug|Any CPU.ActiveCfg = Debug|Any CPU
		{2A91C1CE-3A8B-4441-8B07-CDC66ED2F282}.Debug|Any CPU.Build.0 = Debug|Any CPU
		{2A91C1CE-3A8B-4441-8B07-CDC66ED2F282}.Release|Any CPU.ActiveCfg = Release|Any CPU
		{2A91C1CE-3A8B-4441-8B07-CDC66ED2F282}.Release|Any CPU.Build.0 = Release|Any CPU
		{9C95CEC4-AF56-4410-A3F0-323EB4DDE87B}.Debug|Any CPU.ActiveCfg = Debug|Any CPU
		{9C95CEC4-AF56-4410-A3F0-323EB4DDE87B}.Debug|Any CPU.Build.0 = Debug|Any CPU
		{9C95CEC4-AF56-4410-A3F0-323EB4DDE87B}.Release|Any CPU.ActiveCfg = Release|Any CPU
		{9C95CEC4-AF56-4410-A3F0-323EB4DDE87B}.Release|Any CPU.Build.0 = Release|Any CPU
		{29BF6A1D-9311-4E0F-9BBC-876EA949807E}.Debug|Any CPU.ActiveCfg = Debug|Any CPU
		{29BF6A1D-9311-4E0F-9BBC-876EA949807E}.Debug|Any CPU.Build.0 = Debug|Any CPU
		{29BF6A1D-9311-4E0F-9BBC-876EA949807E}.Release|Any CPU.ActiveCfg = Release|Any CPU
		{29BF6A1D-9311-4E0F-9BBC-876EA949807E}.Release|Any CPU.Build.0 = Release|Any CPU
		{61079E0F-E298-4B47-9582-78EA41539298}.Debug|Any CPU.ActiveCfg = Debug|Any CPU
		{61079E0F-E298-4B47-9582-78EA41539298}.Debug|Any CPU.Build.0 = Debug|Any CPU
		{61079E0F-E298-4B47-9582-78EA41539298}.Release|Any CPU.ActiveCfg = Release|Any CPU
		{61079E0F-E298-4B47-9582-78EA41539298}.Release|Any CPU.Build.0 = Release|Any CPU
		{BC35DE34-042E-4B59-BB59-03DABAC94D30}.Debug|Any CPU.ActiveCfg = Debug|Any CPU
		{BC35DE34-042E-4B59-BB59-03DABAC94D30}.Debug|Any CPU.Build.0 = Debug|Any CPU
		{BC35DE34-042E-4B59-BB59-03DABAC94D30}.Release|Any CPU.ActiveCfg = Release|Any CPU
		{BC35DE34-042E-4B59-BB59-03DABAC94D30}.Release|Any CPU.Build.0 = Release|Any CPU
		{3B9A98E4-89BC-4E68-A9F0-EF9FC9E79698}.Debug|Any CPU.ActiveCfg = Debug|Any CPU
		{3B9A98E4-89BC-4E68-A9F0-EF9FC9E79698}.Debug|Any CPU.Build.0 = Debug|Any CPU
		{3B9A98E4-89BC-4E68-A9F0-EF9FC9E79698}.Release|Any CPU.ActiveCfg = Release|Any CPU
		{3B9A98E4-89BC-4E68-A9F0-EF9FC9E79698}.Release|Any CPU.Build.0 = Release|Any CPU
		{806F0FF1-FE77-416B-BE97-9687A9D0712E}.Debug|Any CPU.ActiveCfg = Debug|Any CPU
		{806F0FF1-FE77-416B-BE97-9687A9D0712E}.Debug|Any CPU.Build.0 = Debug|Any CPU
		{806F0FF1-FE77-416B-BE97-9687A9D0712E}.Release|Any CPU.ActiveCfg = Release|Any CPU
		{806F0FF1-FE77-416B-BE97-9687A9D0712E}.Release|Any CPU.Build.0 = Release|Any CPU
		{9D6653B6-CE3C-4451-931D-D6FDAAFBA650}.Debug|Any CPU.ActiveCfg = Debug|Any CPU
		{9D6653B6-CE3C-4451-931D-D6FDAAFBA650}.Debug|Any CPU.Build.0 = Debug|Any CPU
		{9D6653B6-CE3C-4451-931D-D6FDAAFBA650}.Release|Any CPU.ActiveCfg = Release|Any CPU
		{9D6653B6-CE3C-4451-931D-D6FDAAFBA650}.Release|Any CPU.Build.0 = Release|Any CPU
		{9123B6F6-D6A8-4CD7-9892-E9B044E8C077}.Debug|Any CPU.ActiveCfg = Debug|Any CPU
		{9123B6F6-D6A8-4CD7-9892-E9B044E8C077}.Debug|Any CPU.Build.0 = Debug|Any CPU
		{9123B6F6-D6A8-4CD7-9892-E9B044E8C077}.Release|Any CPU.ActiveCfg = Release|Any CPU
		{9123B6F6-D6A8-4CD7-9892-E9B044E8C077}.Release|Any CPU.Build.0 = Release|Any CPU
		{0E76F6FD-4752-46F6-990C-29614C79DBF4}.Debug|Any CPU.ActiveCfg = Debug|Any CPU
		{0E76F6FD-4752-46F6-990C-29614C79DBF4}.Debug|Any CPU.Build.0 = Debug|Any CPU
		{0E76F6FD-4752-46F6-990C-29614C79DBF4}.Release|Any CPU.ActiveCfg = Release|Any CPU
		{0E76F6FD-4752-46F6-990C-29614C79DBF4}.Release|Any CPU.Build.0 = Release|Any CPU
		{E1C0921B-84ED-4FA0-BBAF-891C07598CCF}.Debug|Any CPU.ActiveCfg = Debug|Any CPU
		{E1C0921B-84ED-4FA0-BBAF-891C07598CCF}.Debug|Any CPU.Build.0 = Debug|Any CPU
		{E1C0921B-84ED-4FA0-BBAF-891C07598CCF}.Release|Any CPU.ActiveCfg = Release|Any CPU
		{E1C0921B-84ED-4FA0-BBAF-891C07598CCF}.Release|Any CPU.Build.0 = Release|Any CPU
		{4DC7EAF3-3038-49FF-A79A-CB8B90E1DAE4}.Debug|Any CPU.ActiveCfg = Debug|Any CPU
		{4DC7EAF3-3038-49FF-A79A-CB8B90E1DAE4}.Debug|Any CPU.Build.0 = Debug|Any CPU
		{4DC7EAF3-3038-49FF-A79A-CB8B90E1DAE4}.Release|Any CPU.ActiveCfg = Release|Any CPU
		{4DC7EAF3-3038-49FF-A79A-CB8B90E1DAE4}.Release|Any CPU.Build.0 = Release|Any CPU
		{2475840D-BE8E-46BF-9420-F95B54A63216}.Debug|Any CPU.ActiveCfg = Debug|Any CPU
		{2475840D-BE8E-46BF-9420-F95B54A63216}.Debug|Any CPU.Build.0 = Debug|Any CPU
		{2475840D-BE8E-46BF-9420-F95B54A63216}.Release|Any CPU.ActiveCfg = Release|Any CPU
		{2475840D-BE8E-46BF-9420-F95B54A63216}.Release|Any CPU.Build.0 = Release|Any CPU
		{43A0ADDA-7A8A-4FC8-AEF5-90318E795F83}.Debug|Any CPU.ActiveCfg = Debug|Any CPU
		{43A0ADDA-7A8A-4FC8-AEF5-90318E795F83}.Debug|Any CPU.Build.0 = Debug|Any CPU
		{43A0ADDA-7A8A-4FC8-AEF5-90318E795F83}.Release|Any CPU.ActiveCfg = Release|Any CPU
		{43A0ADDA-7A8A-4FC8-AEF5-90318E795F83}.Release|Any CPU.Build.0 = Release|Any CPU
		{A49C1CB8-1FA9-4CD8-BEAA-225829E92973}.Debug|Any CPU.ActiveCfg = Debug|Any CPU
		{A49C1CB8-1FA9-4CD8-BEAA-225829E92973}.Debug|Any CPU.Build.0 = Debug|Any CPU
		{A49C1CB8-1FA9-4CD8-BEAA-225829E92973}.Release|Any CPU.ActiveCfg = Release|Any CPU
		{A49C1CB8-1FA9-4CD8-BEAA-225829E92973}.Release|Any CPU.Build.0 = Release|Any CPU
		{A14B452B-D465-4175-A4AE-5BF2938163FF}.Debug|Any CPU.ActiveCfg = Debug|Any CPU
		{A14B452B-D465-4175-A4AE-5BF2938163FF}.Debug|Any CPU.Build.0 = Debug|Any CPU
		{A14B452B-D465-4175-A4AE-5BF2938163FF}.Release|Any CPU.ActiveCfg = Release|Any CPU
		{A14B452B-D465-4175-A4AE-5BF2938163FF}.Release|Any CPU.Build.0 = Release|Any CPU
		{038EC458-4F4E-4784-A0CE-BAE4DCA01A66}.Debug|Any CPU.ActiveCfg = Debug|Any CPU
		{038EC458-4F4E-4784-A0CE-BAE4DCA01A66}.Debug|Any CPU.Build.0 = Debug|Any CPU
		{038EC458-4F4E-4784-A0CE-BAE4DCA01A66}.Release|Any CPU.ActiveCfg = Release|Any CPU
		{038EC458-4F4E-4784-A0CE-BAE4DCA01A66}.Release|Any CPU.Build.0 = Release|Any CPU
		{B639FA33-710B-41DD-95BF-FDF9D160A3A5}.Debug|Any CPU.ActiveCfg = Debug|Any CPU
		{B639FA33-710B-41DD-95BF-FDF9D160A3A5}.Debug|Any CPU.Build.0 = Debug|Any CPU
		{B639FA33-710B-41DD-95BF-FDF9D160A3A5}.Release|Any CPU.ActiveCfg = Release|Any CPU
		{B639FA33-710B-41DD-95BF-FDF9D160A3A5}.Release|Any CPU.Build.0 = Release|Any CPU
		{C3E8855E-D142-44A8-80FD-59F3DD61A668}.Debug|Any CPU.ActiveCfg = Debug|Any CPU
		{C3E8855E-D142-44A8-80FD-59F3DD61A668}.Debug|Any CPU.Build.0 = Debug|Any CPU
		{C3E8855E-D142-44A8-80FD-59F3DD61A668}.Release|Any CPU.ActiveCfg = Release|Any CPU
		{C3E8855E-D142-44A8-80FD-59F3DD61A668}.Release|Any CPU.Build.0 = Release|Any CPU
		{CD5D5559-266C-43EE-93E6-FAE40319C827}.Debug|Any CPU.ActiveCfg = Debug|Any CPU
		{CD5D5559-266C-43EE-93E6-FAE40319C827}.Debug|Any CPU.Build.0 = Debug|Any CPU
		{CD5D5559-266C-43EE-93E6-FAE40319C827}.Release|Any CPU.ActiveCfg = Release|Any CPU
		{CD5D5559-266C-43EE-93E6-FAE40319C827}.Release|Any CPU.Build.0 = Release|Any CPU
		{8E316D43-73B0-4882-8E04-C116AC13D26C}.Debug|Any CPU.ActiveCfg = Debug|Any CPU
		{8E316D43-73B0-4882-8E04-C116AC13D26C}.Debug|Any CPU.Build.0 = Debug|Any CPU
		{8E316D43-73B0-4882-8E04-C116AC13D26C}.Release|Any CPU.ActiveCfg = Release|Any CPU
		{8E316D43-73B0-4882-8E04-C116AC13D26C}.Release|Any CPU.Build.0 = Release|Any CPU
		{E74F9973-9F10-494F-ADD5-31819A0758B1}.Debug|Any CPU.ActiveCfg = Debug|Any CPU
		{E74F9973-9F10-494F-ADD5-31819A0758B1}.Debug|Any CPU.Build.0 = Debug|Any CPU
		{E74F9973-9F10-494F-ADD5-31819A0758B1}.Release|Any CPU.ActiveCfg = Release|Any CPU
		{E74F9973-9F10-494F-ADD5-31819A0758B1}.Release|Any CPU.Build.0 = Release|Any CPU
		{B885A810-E752-4FFD-8240-CC23C3B2B248}.Debug|Any CPU.ActiveCfg = Debug|Any CPU
		{B885A810-E752-4FFD-8240-CC23C3B2B248}.Debug|Any CPU.Build.0 = Debug|Any CPU
		{B885A810-E752-4FFD-8240-CC23C3B2B248}.Release|Any CPU.ActiveCfg = Release|Any CPU
		{B885A810-E752-4FFD-8240-CC23C3B2B248}.Release|Any CPU.Build.0 = Release|Any CPU
		{FA7AF860-83F4-4B24-B4E2-526753BD4940}.Debug|Any CPU.ActiveCfg = Debug|Any CPU
		{FA7AF860-83F4-4B24-B4E2-526753BD4940}.Debug|Any CPU.Build.0 = Debug|Any CPU
		{FA7AF860-83F4-4B24-B4E2-526753BD4940}.Release|Any CPU.ActiveCfg = Release|Any CPU
		{FA7AF860-83F4-4B24-B4E2-526753BD4940}.Release|Any CPU.Build.0 = Release|Any CPU
		{2A91DBDD-8CF8-4360-9A83-3A3614D1E80D}.Debug|Any CPU.ActiveCfg = Debug|Any CPU
		{2A91DBDD-8CF8-4360-9A83-3A3614D1E80D}.Debug|Any CPU.Build.0 = Debug|Any CPU
		{2A91DBDD-8CF8-4360-9A83-3A3614D1E80D}.Release|Any CPU.ActiveCfg = Release|Any CPU
		{2A91DBDD-8CF8-4360-9A83-3A3614D1E80D}.Release|Any CPU.Build.0 = Release|Any CPU
		{C2E1E244-66A9-4458-AEA6-E10728E9BD2E}.Debug|Any CPU.ActiveCfg = Debug|Any CPU
		{C2E1E244-66A9-4458-AEA6-E10728E9BD2E}.Debug|Any CPU.Build.0 = Debug|Any CPU
		{C2E1E244-66A9-4458-AEA6-E10728E9BD2E}.Release|Any CPU.ActiveCfg = Release|Any CPU
		{C2E1E244-66A9-4458-AEA6-E10728E9BD2E}.Release|Any CPU.Build.0 = Release|Any CPU
		{579BE2A3-4E61-4DF8-A751-2A4BAA90115C}.Debug|Any CPU.ActiveCfg = Debug|Any CPU
		{579BE2A3-4E61-4DF8-A751-2A4BAA90115C}.Debug|Any CPU.Build.0 = Debug|Any CPU
		{579BE2A3-4E61-4DF8-A751-2A4BAA90115C}.Release|Any CPU.ActiveCfg = Release|Any CPU
		{579BE2A3-4E61-4DF8-A751-2A4BAA90115C}.Release|Any CPU.Build.0 = Release|Any CPU
		{57DCAC4F-E988-4E32-A3FE-6E9034D2EDFF}.Debug|Any CPU.ActiveCfg = Debug|Any CPU
		{57DCAC4F-E988-4E32-A3FE-6E9034D2EDFF}.Debug|Any CPU.Build.0 = Debug|Any CPU
		{57DCAC4F-E988-4E32-A3FE-6E9034D2EDFF}.Release|Any CPU.ActiveCfg = Release|Any CPU
		{57DCAC4F-E988-4E32-A3FE-6E9034D2EDFF}.Release|Any CPU.Build.0 = Release|Any CPU
		{A0BF89E2-4459-4503-87D4-28D42CE660D8}.Debug|Any CPU.ActiveCfg = Debug|Any CPU
		{A0BF89E2-4459-4503-87D4-28D42CE660D8}.Debug|Any CPU.Build.0 = Debug|Any CPU
		{A0BF89E2-4459-4503-87D4-28D42CE660D8}.Release|Any CPU.ActiveCfg = Release|Any CPU
		{A0BF89E2-4459-4503-87D4-28D42CE660D8}.Release|Any CPU.Build.0 = Release|Any CPU
		{E4442305-EC99-4552-98A7-12B3BE171EE6}.Debug|Any CPU.ActiveCfg = Debug|Any CPU
		{E4442305-EC99-4552-98A7-12B3BE171EE6}.Debug|Any CPU.Build.0 = Debug|Any CPU
		{E4442305-EC99-4552-98A7-12B3BE171EE6}.Release|Any CPU.ActiveCfg = Release|Any CPU
		{E4442305-EC99-4552-98A7-12B3BE171EE6}.Release|Any CPU.Build.0 = Release|Any CPU
		{82C92750-F974-42F5-9095-192D73B4A98F}.Debug|Any CPU.ActiveCfg = Debug|Any CPU
		{82C92750-F974-42F5-9095-192D73B4A98F}.Debug|Any CPU.Build.0 = Debug|Any CPU
		{82C92750-F974-42F5-9095-192D73B4A98F}.Release|Any CPU.ActiveCfg = Release|Any CPU
		{82C92750-F974-42F5-9095-192D73B4A98F}.Release|Any CPU.Build.0 = Release|Any CPU
		{06A1B508-22EC-4D56-92EA-69373E5D98EA}.Debug|Any CPU.ActiveCfg = Debug|Any CPU
		{06A1B508-22EC-4D56-92EA-69373E5D98EA}.Debug|Any CPU.Build.0 = Debug|Any CPU
		{06A1B508-22EC-4D56-92EA-69373E5D98EA}.Release|Any CPU.ActiveCfg = Release|Any CPU
		{06A1B508-22EC-4D56-92EA-69373E5D98EA}.Release|Any CPU.Build.0 = Release|Any CPU
		{9479F878-8DD6-47DB-8198-24AE0E73798B}.Debug|Any CPU.ActiveCfg = Debug|Any CPU
		{9479F878-8DD6-47DB-8198-24AE0E73798B}.Debug|Any CPU.Build.0 = Debug|Any CPU
		{9479F878-8DD6-47DB-8198-24AE0E73798B}.Release|Any CPU.ActiveCfg = Release|Any CPU
		{9479F878-8DD6-47DB-8198-24AE0E73798B}.Release|Any CPU.Build.0 = Release|Any CPU
		{FC2A7D17-EE64-408B-927D-B934FE12E651}.Debug|Any CPU.ActiveCfg = Debug|Any CPU
		{FC2A7D17-EE64-408B-927D-B934FE12E651}.Debug|Any CPU.Build.0 = Debug|Any CPU
		{FC2A7D17-EE64-408B-927D-B934FE12E651}.Release|Any CPU.ActiveCfg = Release|Any CPU
		{FC2A7D17-EE64-408B-927D-B934FE12E651}.Release|Any CPU.Build.0 = Release|Any CPU
		{A5094A22-19EA-43B8-AF10-C402553DA5C7}.Debug|Any CPU.ActiveCfg = Debug|Any CPU
		{A5094A22-19EA-43B8-AF10-C402553DA5C7}.Debug|Any CPU.Build.0 = Debug|Any CPU
		{A5094A22-19EA-43B8-AF10-C402553DA5C7}.Release|Any CPU.ActiveCfg = Release|Any CPU
		{A5094A22-19EA-43B8-AF10-C402553DA5C7}.Release|Any CPU.Build.0 = Release|Any CPU
		{4BA2367B-E674-452A-B1BE-5C837D6FF56E}.Debug|Any CPU.ActiveCfg = Debug|Any CPU
		{4BA2367B-E674-452A-B1BE-5C837D6FF56E}.Debug|Any CPU.Build.0 = Debug|Any CPU
		{4BA2367B-E674-452A-B1BE-5C837D6FF56E}.Release|Any CPU.ActiveCfg = Release|Any CPU
		{4BA2367B-E674-452A-B1BE-5C837D6FF56E}.Release|Any CPU.Build.0 = Release|Any CPU
		{B6F1A4CA-73D6-457D-B687-FA4823DD6E79}.Debug|Any CPU.ActiveCfg = Debug|Any CPU
		{B6F1A4CA-73D6-457D-B687-FA4823DD6E79}.Debug|Any CPU.Build.0 = Debug|Any CPU
		{B6F1A4CA-73D6-457D-B687-FA4823DD6E79}.Release|Any CPU.ActiveCfg = Release|Any CPU
		{B6F1A4CA-73D6-457D-B687-FA4823DD6E79}.Release|Any CPU.Build.0 = Release|Any CPU
		{8BD10075-9CD1-4406-9447-4B8C3B4DB7AC}.Debug|Any CPU.ActiveCfg = Debug|Any CPU
		{8BD10075-9CD1-4406-9447-4B8C3B4DB7AC}.Debug|Any CPU.Build.0 = Debug|Any CPU
		{8BD10075-9CD1-4406-9447-4B8C3B4DB7AC}.Release|Any CPU.ActiveCfg = Release|Any CPU
		{8BD10075-9CD1-4406-9447-4B8C3B4DB7AC}.Release|Any CPU.Build.0 = Release|Any CPU
	EndGlobalSection
	GlobalSection(SolutionProperties) = preSolution
		HideSolutionNode = FALSE
	EndGlobalSection
	GlobalSection(NestedProjects) = preSolution
		{7C44FF86-F81A-4F4B-97C9-D00DF477B504} = {7A699403-99A9-4D75-8D8E-51B58F7B1526}
		{08F042A6-F913-4787-A9CC-65335F71E598} = {7A699403-99A9-4D75-8D8E-51B58F7B1526}
		{1BCF2EDB-3D8B-4CDD-85CE-811BAACB76D8} = {7A699403-99A9-4D75-8D8E-51B58F7B1526}
		{76E66842-D72F-4F09-A5C8-439623B01EC4} = {7A699403-99A9-4D75-8D8E-51B58F7B1526}
		{5F0C71BE-769A-4321-A8F1-B4C7BE7AEA44} = {7A699403-99A9-4D75-8D8E-51B58F7B1526}
		{8E82522A-D7BF-4DA8-8557-B2282331AFEB} = {9E19E683-D482-43A3-B1BC-829D0FEC74A3}
		{11677EF7-480D-44DB-90E0-4FAB57A36FD4} = {9E19E683-D482-43A3-B1BC-829D0FEC74A3}
		{9F81EE84-5CF3-4AC8-95CD-DDC22B991131} = {7A699403-99A9-4D75-8D8E-51B58F7B1526}
		{3B0D271B-52C0-4A65-A9CE-D43DBF37EDF9} = {F0224A54-1357-4107-B5F5-CCD1EC9AA736}
		{17E5EBA7-7F21-4169-A4C3-812A2B798EDA} = {F0224A54-1357-4107-B5F5-CCD1EC9AA736}
		{95CE7CCA-E1DA-43AE-96D4-B4B6402DF137} = {F0224A54-1357-4107-B5F5-CCD1EC9AA736}
		{AF5A1897-2CA4-4A70-8A81-CE98EAED6F2D} = {F0224A54-1357-4107-B5F5-CCD1EC9AA736}
		{3C95269B-8875-4CC2-A80E-517BC40F9736} = {F0224A54-1357-4107-B5F5-CCD1EC9AA736}
		{29D0C8D1-3907-4A14-83EC-67D464919357} = {F0224A54-1357-4107-B5F5-CCD1EC9AA736}
		{476F68E3-116A-4640-9508-10D3FA48D93E} = {F0224A54-1357-4107-B5F5-CCD1EC9AA736}
		{C0BF3352-AAF5-41D6-A442-33D531BC7E77} = {F0224A54-1357-4107-B5F5-CCD1EC9AA736}
		{90789A21-C033-442F-8A84-50CC098FA483} = {F0224A54-1357-4107-B5F5-CCD1EC9AA736}
		{7BC120E4-0CFE-4C66-BA2B-FF5A548082A0} = {F0224A54-1357-4107-B5F5-CCD1EC9AA736}
		{8CC91D2E-CF2C-4E49-AAB4-ADB4208C87D4} = {7A699403-99A9-4D75-8D8E-51B58F7B1526}
		{BF6EF637-8E96-49EC-A8A5-0380FD4672B3} = {7A699403-99A9-4D75-8D8E-51B58F7B1526}
		{FD88F401-CD89-4181-B185-22DEC4904062} = {F0224A54-1357-4107-B5F5-CCD1EC9AA736}
		{83C98793-9022-45F3-9CC2-D902DA3CA3BE} = {7A699403-99A9-4D75-8D8E-51B58F7B1526}
		{B5F02D63-2DEF-40DF-9C57-88415A0B9527} = {7A699403-99A9-4D75-8D8E-51B58F7B1526}
		{AF377382-CFC6-4DF6-84FC-1BD3929DB3D7} = {BE317669-E8BA-4D6C-A31C-70D9992B91C8}
		{1EE53C81-7F5E-47CE-BFCF-88D9C4AFF274} = {12C2F972-9E1B-4D2B-A372-3735A81A26C0}
		{F76EE1B7-593A-4D39-BB7B-9A539814DEA1} = {12C2F972-9E1B-4D2B-A372-3735A81A26C0}
		{E3C936E7-6336-4200-8985-1AFB60D11C1C} = {9E19E683-D482-43A3-B1BC-829D0FEC74A3}
		{C708538C-B967-4655-94E2-E63655E9D65F} = {9E19E683-D482-43A3-B1BC-829D0FEC74A3}
		{0DD4C784-5479-4459-94F3-71CA00ED3412} = {E773D624-4EDC-4308-A35C-B428C98BE160}
		{3A2B5327-C4C3-46E8-91B3-C218BA780F24} = {E773D624-4EDC-4308-A35C-B428C98BE160}
		{123C4BEC-5EA2-491E-98C9-5FEA1736ABE0} = {E773D624-4EDC-4308-A35C-B428C98BE160}
		{7E589CC1-FC57-415D-834D-1E732BA0D931} = {19C1F144-2058-4D8F-9941-ADBFB6DC4123}
		{9C95CEC4-AF56-4410-A3F0-323EB4DDE87B} = {19C1F144-2058-4D8F-9941-ADBFB6DC4123}
		{29BF6A1D-9311-4E0F-9BBC-876EA949807E} = {19C1F144-2058-4D8F-9941-ADBFB6DC4123}
		{61079E0F-E298-4B47-9582-78EA41539298} = {19C1F144-2058-4D8F-9941-ADBFB6DC4123}
		{BC35DE34-042E-4B59-BB59-03DABAC94D30} = {9D792D46-FC07-41CB-8AE7-0E5B0055A05D}
		{3B9A98E4-89BC-4E68-A9F0-EF9FC9E79698} = {9D792D46-FC07-41CB-8AE7-0E5B0055A05D}
		{806F0FF1-FE77-416B-BE97-9687A9D0712E} = {9D792D46-FC07-41CB-8AE7-0E5B0055A05D}
		{9D6653B6-CE3C-4451-931D-D6FDAAFBA650} = {9D792D46-FC07-41CB-8AE7-0E5B0055A05D}
		{9123B6F6-D6A8-4CD7-9892-E9B044E8C077} = {9D792D46-FC07-41CB-8AE7-0E5B0055A05D}
		{0E76F6FD-4752-46F6-990C-29614C79DBF4} = {9D792D46-FC07-41CB-8AE7-0E5B0055A05D}
		{E1C0921B-84ED-4FA0-BBAF-891C07598CCF} = {19C1F144-2058-4D8F-9941-ADBFB6DC4123}
		{4DC7EAF3-3038-49FF-A79A-CB8B90E1DAE4} = {19C1F144-2058-4D8F-9941-ADBFB6DC4123}
		{2475840D-BE8E-46BF-9420-F95B54A63216} = {19C1F144-2058-4D8F-9941-ADBFB6DC4123}
		{43A0ADDA-7A8A-4FC8-AEF5-90318E795F83} = {19C1F144-2058-4D8F-9941-ADBFB6DC4123}
		{A49C1CB8-1FA9-4CD8-BEAA-225829E92973} = {19C1F144-2058-4D8F-9941-ADBFB6DC4123}
		{A14B452B-D465-4175-A4AE-5BF2938163FF} = {19C1F144-2058-4D8F-9941-ADBFB6DC4123}
		{038EC458-4F4E-4784-A0CE-BAE4DCA01A66} = {E773D624-4EDC-4308-A35C-B428C98BE160}
		{B639FA33-710B-41DD-95BF-FDF9D160A3A5} = {E773D624-4EDC-4308-A35C-B428C98BE160}
		{C3E8855E-D142-44A8-80FD-59F3DD61A668} = {19C1F144-2058-4D8F-9941-ADBFB6DC4123}
		{B885A810-E752-4FFD-8240-CC23C3B2B248} = {E773D624-4EDC-4308-A35C-B428C98BE160}
		{FA7AF860-83F4-4B24-B4E2-526753BD4940} = {E773D624-4EDC-4308-A35C-B428C98BE160}
		{2A91DBDD-8CF8-4360-9A83-3A3614D1E80D} = {9D792D46-FC07-41CB-8AE7-0E5B0055A05D}
		{C2E1E244-66A9-4458-AEA6-E10728E9BD2E} = {9D792D46-FC07-41CB-8AE7-0E5B0055A05D}
		{579BE2A3-4E61-4DF8-A751-2A4BAA90115C} = {9D792D46-FC07-41CB-8AE7-0E5B0055A05D}
		{57DCAC4F-E988-4E32-A3FE-6E9034D2EDFF} = {9D792D46-FC07-41CB-8AE7-0E5B0055A05D}
		{A0BF89E2-4459-4503-87D4-28D42CE660D8} = {9D792D46-FC07-41CB-8AE7-0E5B0055A05D}
		{E4442305-EC99-4552-98A7-12B3BE171EE6} = {9D792D46-FC07-41CB-8AE7-0E5B0055A05D}
		{82C92750-F974-42F5-9095-192D73B4A98F} = {9D792D46-FC07-41CB-8AE7-0E5B0055A05D}
		{06A1B508-22EC-4D56-92EA-69373E5D98EA} = {9D792D46-FC07-41CB-8AE7-0E5B0055A05D}
		{8100007A-E342-4DE0-B5F2-129E83E3EEC4} = {E773D624-4EDC-4308-A35C-B428C98BE160}
		{9479F878-8DD6-47DB-8198-24AE0E73798B} = {8100007A-E342-4DE0-B5F2-129E83E3EEC4}
		{FC2A7D17-EE64-408B-927D-B934FE12E651} = {E773D624-4EDC-4308-A35C-B428C98BE160}
		{A5094A22-19EA-43B8-AF10-C402553DA5C7} = {E773D624-4EDC-4308-A35C-B428C98BE160}
		{4BA2367B-E674-452A-B1BE-5C837D6FF56E} = {E773D624-4EDC-4308-A35C-B428C98BE160}
		{B6F1A4CA-73D6-457D-B687-FA4823DD6E79} = {E773D624-4EDC-4308-A35C-B428C98BE160}
		{8BD10075-9CD1-4406-9447-4B8C3B4DB7AC} = {E773D624-4EDC-4308-A35C-B428C98BE160}
	EndGlobalSection
EndGlobal
